
Microsoft Visual Studio Solution File, Format Version 12.00
# Visual Studio 2013
VisualStudioVersion = 12.0.31101.0
MinimumVisualStudioVersion = 10.0.40219.1
Project("{8BC9CEB8-8B4A-11D0-8D11-00A0C91BC942}") = "DecryptPNG", "DecryptPNG\DecryptPNG.vcxproj", "{4E1D809C-0A21-45DF-A913-FC3DB7B751FA}"
EndProject
Project("{8BC9CEB8-8B4A-11D0-8D11-00A0C91BC942}") = "EncryptPNG", "EncryptPNG\EncryptPNG.vcxproj", "{FB025EE5-2191-4D11-84EF-800D637026FD}"
EndProject
Global
	GlobalSection(SolutionConfigurationPlatforms) = preSolution
		Debug|Win32 = Debug|Win32
		Release|Win32 = Release|Win32
	EndGlobalSection
	GlobalSection(ProjectConfigurationPlatforms) = postSolution
		{4E1D809C-0A21-45DF-A913-FC3DB7B751FA}.Debug|Win32.ActiveCfg = Debug|Win32
		{4E1D809C-0A21-45DF-A913-FC3DB7B751FA}.Debug|Win32.Build.0 = Debug|Win32
		{4E1D809C-0A21-45DF-A913-FC3DB7B751FA}.Release|Win32.ActiveCfg = Release|Win32
		{4E1D809C-0A21-45DF-A913-FC3DB7B751FA}.Release|Win32.Build.0 = Release|Win32
		{FB025EE5-2191-4D11-84EF-800D637026FD}.Debug|Win32.ActiveCfg = Debug|Win32
		{FB025EE5-2191-4D11-84EF-800D637026FD}.Debug|Win32.Build.0 = Debug|Win32
		{FB025EE5-2191-4D11-84EF-800D637026FD}.Release|Win32.ActiveCfg = Release|Win32
		{FB025EE5-2191-4D11-84EF-800D637026FD}.Release|Win32.Build.0 = Release|Win32
	EndGlobalSection
	GlobalSection(SolutionProperties) = preSolution
		HideSolutionNode = FALSE
	EndGlobalSection
EndGlobal
